
Microsoft Visual Studio Solution File, Format Version 12.00
# Visual Studio Version 17
VisualStudioVersion = 17.5.33414.496
MinimumVisualStudioVersion = 10.0.40219.1
Project("{FAE04EC0-301F-11D3-BF4B-00C04F79EFBC}") = "WebAPI", "WebAPI.csproj", "{9BE69AD0-12AA-46E7-9D84-44A841B2DBEB}"
EndProject
Global
	GlobalSection(SolutionConfigurationPlatforms) = preSolution
		Debug|Any CPU = Debug|Any CPU
		Release|Any CPU = Release|Any CPU
	EndGlobalSection
	GlobalSection(ProjectConfigurationPlatforms) = postSolution
		{9BE69AD0-12AA-46E7-9D84-44A841B2DBEB}.Debug|Any CPU.ActiveCfg = Debug|Any CPU
		{9BE69AD0-12AA-46E7-9D84-44A841B2DBEB}.Debug|Any CPU.Build.0 = Debug|Any CPU
		{9BE69AD0-12AA-46E7-9D84-44A841B2DBEB}.Release|Any CPU.ActiveCfg = Release|Any CPU
		{9BE69AD0-12AA-46E7-9D84-44A841B2DBEB}.Release|Any CPU.Build.0 = Release|Any CPU
	EndGlobalSection
	GlobalSection(SolutionProperties) = preSolution
		HideSolutionNode = FALSE
	EndGlobalSection
	GlobalSection(ExtensibilityGlobals) = postSolution
		SolutionGuid = {A3BB2B28-92BD-4101-9B4F-4275F9FF81F6}
	EndGlobalSection
EndGlobal
